
Microsoft Visual Studio Solution File, Format Version 12.00
# Visual Studio Version 16
VisualStudioVersion = 16.0.29806.167
MinimumVisualStudioVersion = 10.0.40219.1
Project("{FAE04EC0-301F-11D3-BF4B-00C04F79EFBC}") = "Laboratorna_7_ex_5", "Laboratorna_7_ex_5.csproj", "{ADCB07AE-DEF4-439E-BB3C-04FEA8BCD83F}"
EndProject
Global
	GlobalSection(SolutionConfigurationPlatforms) = preSolution
		Debug|Any CPU = Debug|Any CPU
		Release|Any CPU = Release|Any CPU
	EndGlobalSection
	GlobalSection(ProjectConfigurationPlatforms) = postSolution
		{ADCB07AE-DEF4-439E-BB3C-04FEA8BCD83F}.Debug|Any CPU.ActiveCfg = Debug|Any CPU
		{ADCB07AE-DEF4-439E-BB3C-04FEA8BCD83F}.Debug|Any CPU.Build.0 = Debug|Any CPU
		{ADCB07AE-DEF4-439E-BB3C-04FEA8BCD83F}.Release|Any CPU.ActiveCfg = Release|Any CPU
		{ADCB07AE-DEF4-439E-BB3C-04FEA8BCD83F}.Release|Any CPU.Build.0 = Release|Any CPU
	EndGlobalSection
	GlobalSection(SolutionProperties) = preSolution
		HideSolutionNode = FALSE
	EndGlobalSection
	GlobalSection(ExtensibilityGlobals) = postSolution
		SolutionGuid = {D730C573-FCB0-418B-808B-5E2B47AA8EBC}
	EndGlobalSection
EndGlobal
