
Microsoft Visual Studio Solution File, Format Version 12.00
# Visual Studio Version 16
VisualStudioVersion = 16.0.29806.167
MinimumVisualStudioVersion = 10.0.40219.1
Project("{FAE04EC0-301F-11D3-BF4B-00C04F79EFBC}") = "laboratorna 15", "laboratorna 15.csproj", "{D8750674-120D-4E44-A17D-7C2D47A2937D}"
EndProject
Global
	GlobalSection(SolutionConfigurationPlatforms) = preSolution
		Debug|Any CPU = Debug|Any CPU
		Release|Any CPU = Release|Any CPU
	EndGlobalSection
	GlobalSection(ProjectConfigurationPlatforms) = postSolution
		{D8750674-120D-4E44-A17D-7C2D47A2937D}.Debug|Any CPU.ActiveCfg = Debug|Any CPU
		{D8750674-120D-4E44-A17D-7C2D47A2937D}.Debug|Any CPU.Build.0 = Debug|Any CPU
		{D8750674-120D-4E44-A17D-7C2D47A2937D}.Release|Any CPU.ActiveCfg = Release|Any CPU
		{D8750674-120D-4E44-A17D-7C2D47A2937D}.Release|Any CPU.Build.0 = Release|Any CPU
	EndGlobalSection
	GlobalSection(SolutionProperties) = preSolution
		HideSolutionNode = FALSE
	EndGlobalSection
	GlobalSection(ExtensibilityGlobals) = postSolution
		SolutionGuid = {B20C1440-0541-4E09-B60D-D62973AF77D9}
	EndGlobalSection
EndGlobal
