
Microsoft Visual Studio Solution File, Format Version 12.00
# Visual Studio Version 16
VisualStudioVersion = 16.0.29806.167
MinimumVisualStudioVersion = 10.0.40219.1
Project("{FAE04EC0-301F-11D3-BF4B-00C04F79EFBC}") = "laboratorna 14", "laboratorna 14.csproj", "{2A79717D-4838-4197-81B3-E9442B6B24C7}"
EndProject
Global
	GlobalSection(SolutionConfigurationPlatforms) = preSolution
		Debug|Any CPU = Debug|Any CPU
		Release|Any CPU = Release|Any CPU
	EndGlobalSection
	GlobalSection(ProjectConfigurationPlatforms) = postSolution
		{2A79717D-4838-4197-81B3-E9442B6B24C7}.Debug|Any CPU.ActiveCfg = Debug|Any CPU
		{2A79717D-4838-4197-81B3-E9442B6B24C7}.Debug|Any CPU.Build.0 = Debug|Any CPU
		{2A79717D-4838-4197-81B3-E9442B6B24C7}.Release|Any CPU.ActiveCfg = Release|Any CPU
		{2A79717D-4838-4197-81B3-E9442B6B24C7}.Release|Any CPU.Build.0 = Release|Any CPU
	EndGlobalSection
	GlobalSection(SolutionProperties) = preSolution
		HideSolutionNode = FALSE
	EndGlobalSection
	GlobalSection(ExtensibilityGlobals) = postSolution
		SolutionGuid = {7040E2B0-BEB8-4909-AFCC-C366133D1E47}
	EndGlobalSection
EndGlobal
