
Microsoft Visual Studio Solution File, Format Version 12.00
# Visual Studio Version 16
VisualStudioVersion = 16.0.29806.167
MinimumVisualStudioVersion = 10.0.40219.1
Project("{FAE04EC0-301F-11D3-BF4B-00C04F79EFBC}") = "Laboratorna 7 ex 1", "Laboratorna 7 ex 1.csproj", "{7426237D-4494-4327-AC6D-268131D1390E}"
EndProject
Global
	GlobalSection(SolutionConfigurationPlatforms) = preSolution
		Debug|Any CPU = Debug|Any CPU
		Release|Any CPU = Release|Any CPU
	EndGlobalSection
	GlobalSection(ProjectConfigurationPlatforms) = postSolution
		{7426237D-4494-4327-AC6D-268131D1390E}.Debug|Any CPU.ActiveCfg = Debug|Any CPU
		{7426237D-4494-4327-AC6D-268131D1390E}.Debug|Any CPU.Build.0 = Debug|Any CPU
		{7426237D-4494-4327-AC6D-268131D1390E}.Release|Any CPU.ActiveCfg = Release|Any CPU
		{7426237D-4494-4327-AC6D-268131D1390E}.Release|Any CPU.Build.0 = Release|Any CPU
	EndGlobalSection
	GlobalSection(SolutionProperties) = preSolution
		HideSolutionNode = FALSE
	EndGlobalSection
	GlobalSection(ExtensibilityGlobals) = postSolution
		SolutionGuid = {B2FB8E87-BDD9-4AD4-AAAB-917E5063D77D}
	EndGlobalSection
EndGlobal
