
Microsoft Visual Studio Solution File, Format Version 12.00
# Visual Studio Version 16
VisualStudioVersion = 16.0.29806.167
MinimumVisualStudioVersion = 10.0.40219.1
Project("{FAE04EC0-301F-11D3-BF4B-00C04F79EFBC}") = "Laboratorna_12_ex_1", "Laboratorna_12_ex_1.csproj", "{93FBE472-90C0-4DC4-96C5-0394F61E02CE}"
EndProject
Global
	GlobalSection(SolutionConfigurationPlatforms) = preSolution
		Debug|Any CPU = Debug|Any CPU
		Release|Any CPU = Release|Any CPU
	EndGlobalSection
	GlobalSection(ProjectConfigurationPlatforms) = postSolution
		{93FBE472-90C0-4DC4-96C5-0394F61E02CE}.Debug|Any CPU.ActiveCfg = Debug|Any CPU
		{93FBE472-90C0-4DC4-96C5-0394F61E02CE}.Debug|Any CPU.Build.0 = Debug|Any CPU
		{93FBE472-90C0-4DC4-96C5-0394F61E02CE}.Release|Any CPU.ActiveCfg = Release|Any CPU
		{93FBE472-90C0-4DC4-96C5-0394F61E02CE}.Release|Any CPU.Build.0 = Release|Any CPU
	EndGlobalSection
	GlobalSection(SolutionProperties) = preSolution
		HideSolutionNode = FALSE
	EndGlobalSection
	GlobalSection(ExtensibilityGlobals) = postSolution
		SolutionGuid = {5EEDCF3B-B791-4B2B-BFA0-2C9950BFBCE9}
	EndGlobalSection
EndGlobal
